// !$*UTF8*$!
{
	archiveVersion = 1;
	classes = {
	};
	objectVersion = 50;
	objects = {

/* Begin PBXBuildFile section */
		FD29354B2378D6C1009DCA51 /* AppDelegate.swift in Sources */ = {isa = PBXBuildFile; fileRef = FD29354A2378D6C1009DCA51 /* AppDelegate.swift */; };
		FD29354D2378D6C1009DCA51 /* SceneDelegate.swift in Sources */ = {isa = PBXBuildFile; fileRef = FD29354C2378D6C1009DCA51 /* SceneDelegate.swift */; };
		FD29354F2378D6C2009DCA51 /* ContentView.swift in Sources */ = {isa = PBXBuildFile; fileRef = FD29354E2378D6C2009DCA51 /* ContentView.swift */; };
		FD2935512378D6C7009DCA51 /* Assets.xcassets in Resources */ = {isa = PBXBuildFile; fileRef = FD2935502378D6C7009DCA51 /* Assets.xcassets */; };
		FD2935542378D6C7009DCA51 /* Preview Assets.xcassets in Resources */ = {isa = PBXBuildFile; fileRef = FD2935532378D6C7009DCA51 /* Preview Assets.xcassets */; };
		FD2935572378D6C7009DCA51 /* LaunchScreen.storyboard in Resources */ = {isa = PBXBuildFile; fileRef = FD2935552378D6C7009DCA51 /* LaunchScreen.storyboard */; };
/* End PBXBuildFile section */

/* Begin PBXFileReference section */
		FD2935472378D6C1009DCA51 /* GradiantBarChartWithSwiftUI.app */ = {isa = PBXFileReference; explicitFileType = wrapper.application; includeInIndex = 0; path = GradiantBarChartWithSwiftUI.app; sourceTree = BUILT_PRODUCTS_DIR; };
		FD29354A2378D6C1009DCA51 /* AppDelegate.swift */ = {isa = PBXFileReference; lastKnownFileType = sourcecode.swift; path = AppDelegate.swift; sourceTree = "<group>"; };
		FD29354C2378D6C1009DCA51 /* SceneDelegate.swift */ = {isa = PBXFileReference; lastKnownFileType = sourcecode.swift; path = SceneDelegate.swift; sourceTree = "<group>"; };
		FD29354E2378D6C2009DCA51 /* ContentView.swift */ = {isa = PBXFileReference; lastKnownFileType = sourcecode.swift; path = ContentView.swift; sourceTree = "<group>"; };
		FD2935502378D6C7009DCA51 /* Assets.xcassets */ = {isa = PBXFileReference; lastKnownFileType = folder.assetcatalog; path = Assets.xcassets; sourceTree = "<group>"; };
		FD2935532378D6C7009DCA51 /* Preview Assets.xcassets */ = {isa = PBXFileReference; lastKnownFileType = folder.assetcatalog; path = "Preview Assets.xcassets"; sourceTree = "<group>"; };
		FD2935562378D6C7009DCA51 /* Base */ = {isa = PBXFileReference; lastKnownFileType = file.storyboard; name = Base; path = Base.lproj/LaunchScreen.storyboard; sourceTree = "<group>"; };
		FD2935582378D6C7009DCA51 /* Info.plist */ = {isa = PBXFileReference; lastKnownFileType = text.plist.xml; path = Info.plist; sourceTree = "<group>"; };
/* End PBXFileReference section */

/* Begin PBXFrameworksBuildPhase section */
		FD2935442378D6C1009DCA51 /* Frameworks */ = {
			isa = PBXFrameworksBuildPhase;
			buildActionMask = 2147483647;
			files = (
			);
			runOnlyForDeploymentPostprocessing = 0;
		};
/* End PBXFrameworksBuildPhase section */

/* Begin PBXGroup section */
		FD29353E2378D6C1009DCA51 = {
			isa = PBXGroup;
			children = (
				FD2935492378D6C1009DCA51 /* GradiantBarChartWithSwiftUI */,
				FD2935482378D6C1009DCA51 /* Products */,
			);
			sourceTree = "<group>";
		};
		FD2935482378D6C1009DCA51 /* Products */ = {
			isa = PBXGroup;
			children = (
				FD2935472378D6C1009DCA51 /* GradiantBarChartWithSwiftUI.app */,
			);
			name = Products;
			sourceTree = "<group>";
		};
		FD2935492378D6C1009DCA51 /* GradiantBarChartWithSwiftUI */ = {
			isa = PBXGroup;
			children = (
				FD29354A2378D6C1009DCA51 /* AppDelegate.swift */,
				FD29354C2378D6C1009DCA51 /* SceneDelegate.swift */,
				FD29354E2378D6C2009DCA51 /* ContentView.swift */,
				FD2935502378D6C7009DCA51 /* Assets.xcassets */,
				FD2935552378D6C7009DCA51 /* LaunchScreen.storyboard */,
				FD2935582378D6C7009DCA51 /* Info.plist */,
				FD2935522378D6C7009DCA51 /* Preview Content */,
			);
			path = GradiantBarChartWithSwiftUI;
			sourceTree = "<group>";
		};
		FD2935522378D6C7009DCA51 /* Preview Content */ = {
			isa = PBXGroup;
			children = (
				FD2935532378D6C7009DCA51 /* Preview Assets.xcassets */,
			);
			path = "Preview Content";
			sourceTree = "<group>";
		};
/* End PBXGroup section */

/* Begin PBXNativeTarget section */
		FD2935462378D6C1009DCA51 /* GradiantBarChartWithSwiftUI */ = {
			isa = PBXNativeTarget;
			buildConfigurationList = FD29355B2378D6C7009DCA51 /* Build configuration list for PBXNativeTarget "GradiantBarChartWithSwiftUI" */;
			buildPhases = (
				FD2935432378D6C1009DCA51 /* Sources */,
				FD2935442378D6C1009DCA51 /* Frameworks */,
				FD2935452378D6C1009DCA51 /* Resources */,
			);
			buildRules = (
			);
			dependencies = (
			);
			name = GradiantBarChartWithSwiftUI;
			productName = GradiantBarChartWithSwiftUI;
			productReference = FD2935472378D6C1009DCA51 /* GradiantBarChartWithSwiftUI.app */;
			productType = "com.apple.product-type.application";
		};
/* End PBXNativeTarget section */

/* Begin PBXProject section */
		FD29353F2378D6C1009DCA51 /* Project object */ = {
			isa = PBXProject;
			attributes = {
				LastSwiftUpdateCheck = 1120;
				LastUpgradeCheck = 1120;
				ORGANIZATIONNAME = "麻生 拓弥";
				TargetAttributes = {
					FD2935462378D6C1009DCA51 = {
						CreatedOnToolsVersion = 11.2.1;
					};
				};
			};
			buildConfigurationList = FD2935422378D6C1009DCA51 /* Build configuration list for PBXProject "GradiantBarChartWithSwiftUI" */;
			compatibilityVersion = "Xcode 9.3";
			developmentRegion = en;
			hasScannedForEncodings = 0;
			knownRegions = (
				en,
				Base,
			);
			mainGroup = FD29353E2378D6C1009DCA51;
			productRefGroup = FD2935482378D6C1009DCA51 /* Products */;
			projectDirPath = "";
			projectRoot = "";
			targets = (
				FD2935462378D6C1009DCA51 /* GradiantBarChartWithSwiftUI */,
			);
		};
/* End PBXProject section */

/* Begin PBXResourcesBuildPhase section */
		FD2935452378D6C1009DCA51 /* Resources */ = {
			isa = PBXResourcesBuildPhase;
			buildActionMask = 2147483647;
			files = (
				FD2935572378D6C7009DCA51 /* LaunchScreen.storyboard in Resources */,
				FD2935542378D6C7009DCA51 /* Preview Assets.xcassets in Resources */,
				FD2935512378D6C7009DCA51 /* Assets.xcassets in Resources */,
			);
			runOnlyForDeploymentPostprocessing = 0;
		};
/* End PBXResourcesBuildPhase section */

/* Begin PBXSourcesBuildPhase section */
		FD2935432378D6C1009DCA51 /* Sources */ = {
			isa = PBXSourcesBuildPhase;
			buildActionMask = 2147483647;
			files = (
				FD29354B2378D6C1009DCA51 /* AppDelegate.swift in Sources */,
				FD29354D2378D6C1009DCA51 /* SceneDelegate.swift in Sources */,
				FD29354F2378D6C2009DCA51 /* ContentView.swift in Sources */,
			);
			runOnlyForDeploymentPostprocessing = 0;
		};
/* End PBXSourcesBuildPhase section */

/* Begin PBXVariantGroup section */
		FD2935552378D6C7009DCA51 /* LaunchScreen.storyboard */ = {
			isa = PBXVariantGroup;
			children = (
				FD2935562378D6C7009DCA51 /* Base */,
			);
			name = LaunchScreen.storyboard;
			sourceTree = "<group>";
		};
/* End PBXVariantGroup section */

/* Begin XCBuildConfiguration section */
		FD2935592378D6C7009DCA51 /* Debug */ = {
			isa = XCBuildConfiguration;
			buildSettings = {
				ALWAYS_SEARCH_USER_PATHS = NO;
				CLANG_ANALYZER_NONNULL = YES;
				CLANG_ANALYZER_NUMBER_OBJECT_CONVERSION = YES_AGGRESSIVE;
				CLANG_CXX_LANGUAGE_STANDARD = "gnu++14";
				CLANG_CXX_LIBRARY = "libc++";
				CLANG_ENABLE_MODULES = YES;
				CLANG_ENABLE_OBJC_ARC = YES;
				CLANG_ENABLE_OBJC_WEAK = YES;
				CLANG_WARN_BLOCK_CAPTURE_AUTORELEASING = YES;
				CLANG_WARN_BOOL_CONVERSION = YES;
				CLANG_WARN_COMMA = YES;
				CLANG_WARN_CONSTANT_CONVERSION = YES;
				CLANG_WARN_DEPRECATED_OBJC_IMPLEMENTATIONS = YES;
				CLANG_WARN_DIRECT_OBJC_ISA_USAGE = YES_ERROR;
				CLANG_WARN_DOCUMENTATION_COMMENTS = YES;
				CLANG_WARN_EMPTY_BODY = YES;
				CLANG_WARN_ENUM_CONVERSION = YES;
				CLANG_WARN_INFINITE_RECURSION = YES;
				CLANG_WARN_INT_CONVERSION = YES;
				CLANG_WARN_NON_LITERAL_NULL_CONVERSION = YES;
				CLANG_WARN_OBJC_IMPLICIT_RETAIN_SELF = YES;
				CLANG_WARN_OBJC_LITERAL_CONVERSION = YES;
				CLANG_WARN_OBJC_ROOT_CLASS = YES_ERROR;
				CLANG_WARN_RANGE_LOOP_ANALYSIS = YES;
				CLANG_WARN_STRICT_PROTOTYPES = YES;
				CLANG_WARN_SUSPICIOUS_MOVE = YES;
				CLANG_WARN_UNGUARDED_AVAILABILITY = YES_AGGRESSIVE;
				CLANG_WARN_UNREACHABLE_CODE = YES;
				CLANG_WARN__DUPLICATE_METHOD_MATCH = YES;
				COPY_PHASE_STRIP = NO;
				DEBUG_INFORMATION_FORMAT = dwarf;
				ENABLE_STRICT_OBJC_MSGSEND = YES;
				ENABLE_TESTABILITY = YES;
				GCC_C_LANGUAGE_STANDARD = gnu11;
				GCC_DYNAMIC_NO_PIC = NO;
				GCC_NO_COMMON_BLOCKS = YES;
				GCC_OPTIMIZATION_LEVEL = 0;
				GCC_PREPROCESSOR_DEFINITIONS = (
					"DEBUG=1",
					"$(inherited)",
				);
				GCC_WARN_64_TO_32_BIT_CONVERSION = YES;
				GCC_WARN_ABOUT_RETURN_TYPE = YES_ERROR;
				GCC_WARN_UNDECLARED_SELECTOR = YES;
				GCC_WARN_UNINITIALIZED_AUTOS = YES_AGGRESSIVE;
				GCC_WARN_UNUSED_FUNCTION = YES;
				GCC_WARN_UNUSED_VARIABLE = YES;
				IPHONEOS_DEPLOYMENT_TARGET = 13.2;
				MTL_ENABLE_DEBUG_INFO = INCLUDE_SOURCE;
				MTL_FAST_MATH = YES;
				ONLY_ACTIVE_ARCH = YES;
				SDKROOT = iphoneos;
				SWIFT_ACTIVE_COMPILATION_CONDITIONS = DEBUG;
				SWIFT_OPTIMIZATION_LEVEL = "-Onone";
			};
			name = Debug;
		};
		FD29355A2378D6C7009DCA51 /* Release */ = {
			isa = XCBuildConfiguration;
			buildSettings = {
				ALWAYS_SEARCH_USER_PATHS = NO;
				CLANG_ANALYZER_NONNULL = YES;
				CLANG_ANALYZER_NUMBER_OBJECT_CONVERSION = YES_AGGRESSIVE;
				CLANG_CXX_LANGUAGE_STANDARD = "gnu++14";
				CLANG_CXX_LIBRARY = "libc++";
				CLANG_ENABLE_MODULES = YES;
				CLANG_ENABLE_OBJC_ARC = YES;
				CLANG_ENABLE_OBJC_WEAK = YES;
				CLANG_WARN_BLOCK_CAPTURE_AUTORELEASING = YES;
				CLANG_WARN_BOOL_CONVERSION = YES;
				CLANG_WARN_COMMA = YES;
				CLANG_WARN_CONSTANT_CONVERSION = YES;
				CLANG_WARN_DEPRECATED_OBJC_IMPLEMENTATIONS = YES;
				CLANG_WARN_DIRECT_OBJC_ISA_USAGE = YES_ERROR;
				CLANG_WARN_DOCUMENTATION_COMMENTS = YES;
				CLANG_WARN_EMPTY_BODY = YES;
				CLANG_WARN_ENUM_CONVERSION = YES;
				CLANG_WARN_INFINITE_RECURSION = YES;
				CLANG_WARN_INT_CONVERSION = YES;
				CLANG_WARN_NON_LITERAL_NULL_CONVERSION = YES;
				CLANG_WARN_OBJC_IMPLICIT_RETAIN_SELF = YES;
				CLANG_WARN_OBJC_LITERAL_CONVERSION = YES;
				CLANG_WARN_OBJC_ROOT_CLASS = YES_ERROR;
				CLANG_WARN_RANGE_LOOP_ANALYSIS = YES;
				CLANG_WARN_STRICT_PROTOTYPES = YES;
				CLANG_WARN_SUSPICIOUS_MOVE = YES;
				CLANG_WARN_UNGUARDED_AVAILABILITY = YES_AGGRESSIVE;
				CLANG_WARN_UNREACHABLE_CODE = YES;
				CLANG_WARN__DUPLICATE_METHOD_MATCH = YES;
				COPY_PHASE_STRIP = NO;
				DEBUG_INFORMATION_FORMAT = "dwarf-with-dsym";
				ENABLE_NS_ASSERTIONS = NO;
				ENABLE_STRICT_OBJC_MSGSEND = YES;
				GCC_C_LANGUAGE_STANDARD = gnu11;
				GCC_NO_COMMON_BLOCKS = YES;
				GCC_WARN_64_TO_32_BIT_CONVERSION = YES;
				GCC_WARN_ABOUT_RETURN_TYPE = YES_ERROR;
				GCC_WARN_UNDECLARED_SELECTOR = YES;
				GCC_WARN_UNINITIALIZED_AUTOS = YES_AGGRESSIVE;
				GCC_WARN_UNUSED_FUNCTION = YES;
				GCC_WARN_UNUSED_VARIABLE = YES;
				IPHONEOS_DEPLOYMENT_TARGET = 13.2;
				MTL_ENABLE_DEBUG_INFO = NO;
				MTL_FAST_MATH = YES;
				SDKROOT = iphoneos;
				SWIFT_COMPILATION_MODE = wholemodule;
				SWIFT_OPTIMIZATION_LEVEL = "-O";
				VALIDATE_PRODUCT = YES;
			};
			name = Release;
		};
		FD29355C2378D6C7009DCA51 /* Debug */ = {
			isa = XCBuildConfiguration;
			buildSettings = {
				ASSETCATALOG_COMPILER_APPICON_NAME = AppIcon;
				CODE_SIGN_STYLE = Automatic;
				DEVELOPMENT_ASSET_PATHS = "\"GradiantBarChartWithSwiftUI/Preview Content\"";
				DEVELOPMENT_TEAM = 7M7ZGYSAKB;
				ENABLE_PREVIEWS = YES;
				INFOPLIST_FILE = GradiantBarChartWithSwiftUI/Info.plist;
				LD_RUNPATH_SEARCH_PATHS = (
					"$(inherited)",
					"@executable_path/Frameworks",
				);
				PRODUCT_BUNDLE_IDENTIFIER = com.ASTK.GradiantBarChartWithSwiftUI;
				PRODUCT_NAME = "$(TARGET_NAME)";
				SWIFT_VERSION = 5.0;
				TARGETED_DEVICE_FAMILY = "1,2";
			};
			name = Debug;
		};
		FD29355D2378D6C7009DCA51 /* Release */ = {
			isa = XCBuildConfiguration;
			buildSettings = {
				ASSETCATALOG_COMPILER_APPICON_NAME = AppIcon;
				CODE_SIGN_STYLE = Automatic;
				DEVELOPMENT_ASSET_PATHS = "\"GradiantBarChartWithSwiftUI/Preview Content\"";
				DEVELOPMENT_TEAM = 7M7ZGYSAKB;
				ENABLE_PREVIEWS = YES;
				INFOPLIST_FILE = GradiantBarChartWithSwiftUI/Info.plist;
				LD_RUNPATH_SEARCH_PATHS = (
					"$(inherited)",
					"@executable_path/Frameworks",
				);
				PRODUCT_BUNDLE_IDENTIFIER = com.ASTK.GradiantBarChartWithSwiftUI;
				PRODUCT_NAME = "$(TARGET_NAME)";
				SWIFT_VERSION = 5.0;
				TARGETED_DEVICE_FAMILY = "1,2";
			};
			name = Release;
		};
/* End XCBuildConfiguration section */

/* Begin XCConfigurationList section */
		FD2935422378D6C1009DCA51 /* Build configuration list for PBXProject "GradiantBarChartWithSwiftUI" */ = {
			isa = XCConfigurationList;
			buildConfigurations = (
				FD2935592378D6C7009DCA51 /* Debug */,
				FD29355A2378D6C7009DCA51 /* Release */,
			);
			defaultConfigurationIsVisible = 0;
			defaultConfigurationName = Release;
		};
		FD29355B2378D6C7009DCA51 /* Build configuration list for PBXNativeTarget "GradiantBarChartWithSwiftUI" */ = {
			isa = XCConfigurationList;
			buildConfigurations = (
				FD29355C2378D6C7009DCA51 /* Debug */,
				FD29355D2378D6C7009DCA51 /* Release */,
			);
			defaultConfigurationIsVisible = 0;
			defaultConfigurationName = Release;
		};
/* End XCConfigurationList section */
	};
	rootObject = FD29353F2378D6C1009DCA51 /* Project object */;
}
